PODS:
  - DYQRCodeDecoder (1.1.2)
  - GoogleMaps (2.7.0):
    - GoogleMaps/Maps (= 2.7.0)
  - GoogleMaps/Base (2.7.0)
  - GoogleMaps/Maps (2.7.0):
    - GoogleMaps/Base
  - GooglePlaces (2.7.0):
    - GoogleMaps/Base (= 2.7.0)
  - Haneke (1.0.2)
  - HSDatePickerViewController (1.0.4)
  - JVFloatLabeledTextField (1.2.1)
  - MBCircularProgressBar (0.3.5)
  - Stripe (13.2.0)
  - Vertigo (0.1)

DEPENDENCIES:
  - DYQRCodeDecoder
  - GoogleMaps
  - GooglePlaces
  - Haneke (~> 1.0)
  - HSDatePickerViewController (~> 1.0)
  - JVFloatLabeledTextField
  - MBCircularProgressBar
  - Stripe
  - Vertigo

SPEC REPOS:
  https://github.com/cocoapods/specs.git:
    - DYQRCodeDecoder
    - GoogleMaps
    - GooglePlaces
    - Haneke
    - HSDatePickerViewController
    - JVFloatLabeledTextField
    - MBCircularProgressBar
    - Stripe
    - Vertigo

SPEC CHECKSUMS:
  DYQRCodeDecoder: 8468610fa383361fba4e9c84711a56e6d8ed3169
  GoogleMaps: f79af95cb24d869457b1f961c93d3ce8b2f3b848
  GooglePlaces: 3d06e6c99654545b4738ce49648745779c25f2ef
  Haneke: 01454a67322faa0dd9d81fc0f447885044e71521
  HSDatePickerViewController: 5a72b71f8c3b10e76f2c28a898f8572b551432a6
  JVFloatLabeledTextField: cfc44e3c4d493b2ed92ede8035e8e89c2912ba64
  MBCircularProgressBar: 0b795b722a5eb5b0923822f90474e2576a1a7855
  Stripe: 2c69e216061d54d9c538204bb4f58bd597ddfc5b
  Vertigo: b971aa21e904512cfe387196ccba37df3f9a792e

PODFILE CHECKSUM: ef4ad4372127d524f744e49c960d8806bbfcab48

COCOAPODS: 1.5.3
